
Microsoft Visual Studio Solution File, Format Version 12.00
# Visual Studio Version 16
VisualStudioVersion = 16.0.29509.3
MinimumVisualStudioVersion = 10.0.40219.1
Project("{FAE04EC0-301F-11D3-BF4B-00C04F79EFBC}") = "WPF_Core", "WPF_Core\WPF_Core.csproj", "{1018EB07-0C3C-4120-A73A-75A1585B3F13}"
EndProject
Global
	GlobalSection(SolutionConfigurationPlatforms) = preSolution
		Debug|Any CPU = Debug|Any CPU
		Release|Any CPU = Release|Any CPU
	EndGlobalSection
	GlobalSection(ProjectConfigurationPlatforms) = postSolution
		{1018EB07-0C3C-4120-A73A-75A1585B3F13}.Debug|Any CPU.ActiveCfg = Debug|Any CPU
		{1018EB07-0C3C-4120-A73A-75A1585B3F13}.Debug|Any CPU.Build.0 = Debug|Any CPU
		{1018EB07-0C3C-4120-A73A-75A1585B3F13}.Release|Any CPU.ActiveCfg = Release|Any CPU
		{1018EB07-0C3C-4120-A73A-75A1585B3F13}.Release|Any CPU.Build.0 = Release|Any CPU
	EndGlobalSection
	GlobalSection(SolutionProperties) = preSolution
		HideSolutionNode = FALSE
	EndGlobalSection
	GlobalSection(ExtensibilityGlobals) = postSolution
		SolutionGuid = {E86ED60B-E7A8-40B2-9DEB-EAFE3CE28B34}
	EndGlobalSection
EndGlobal
